
Microsoft Visual Studio Solution File, Format Version 12.00
# Visual Studio Version 17
VisualStudioVersion = 17.3.32811.315
MinimumVisualStudioVersion = 10.0.40219.1
Project("{8BC9CEB8-8B4A-11D0-8D11-00A0C91BC942}") = "BT2_Question1", "BT2_Question1.vcxproj", "{9C10DCA8-ECD1-4DFA-BC8A-E7BFFA441A1C}"
EndProject
Global
	GlobalSection(SolutionConfigurationPlatforms) = preSolution
		Debug|x64 = Debug|x64
		Debug|x86 = Debug|x86
		Release|x64 = Release|x64
		Release|x86 = Release|x86
	EndGlobalSection
	GlobalSection(ProjectConfigurationPlatforms) = postSolution
		{9C10DCA8-ECD1-4DFA-BC8A-E7BFFA441A1C}.Debug|x64.ActiveCfg = Debug|x64
		{9C10DCA8-ECD1-4DFA-BC8A-E7BFFA441A1C}.Debug|x64.Build.0 = Debug|x64
		{9C10DCA8-ECD1-4DFA-BC8A-E7BFFA441A1C}.Debug|x86.ActiveCfg = Debug|Win32
		{9C10DCA8-ECD1-4DFA-BC8A-E7BFFA441A1C}.Debug|x86.Build.0 = Debug|Win32
		{9C10DCA8-ECD1-4DFA-BC8A-E7BFFA441A1C}.Release|x64.ActiveCfg = Release|x64
		{9C10DCA8-ECD1-4DFA-BC8A-E7BFFA441A1C}.Release|x64.Build.0 = Release|x64
		{9C10DCA8-ECD1-4DFA-BC8A-E7BFFA441A1C}.Release|x86.ActiveCfg = Release|Win32
		{9C10DCA8-ECD1-4DFA-BC8A-E7BFFA441A1C}.Release|x86.Build.0 = Release|Win32
	EndGlobalSection
	GlobalSection(SolutionProperties) = preSolution
		HideSolutionNode = FALSE
	EndGlobalSection
	GlobalSection(ExtensibilityGlobals) = postSolution
		SolutionGuid = {C0E0D80C-BBF0-4983-A78F-27EDF7087C86}
	EndGlobalSection
EndGlobal
